<Solution>
  <Project Path="../src/Smart.Contracts/Smart.Contracts.csproj" />
  <Project Path="../src/Smart.Data/Smart.Data.csproj" />
  <Project Path="../src/Smart.Runtime/Smart.Runtime.csproj" />
  <Project Path="../src/Smart.Adapters.Dma/Smart.Adapters.Dma.csproj" />
  <Project Path="../src/Smart.Dma.Worker/Smart.Dma.Worker.csproj" />
  <Project Path="Smart.NativeSmoke/Smart.NativeSmoke.csproj" />
  <Project Path="Smart.KmBoxProbe/Smart.KmBoxProbe.csproj" />
  <Project Path="Smart.SnapshotSmoke/Smart.SnapshotSmoke.csproj" />
  <Project Path="../tests/Smart.NativeSmoke.Tests/Smart.NativeSmoke.Tests.csproj" />
  <Project Path="../tests/Smart.KmBoxProbe.Tests/Smart.KmBoxProbe.Tests.csproj" />
  <Project Path="../tests/Smart.SnapshotSmoke.Tests/Smart.SnapshotSmoke.Tests.csproj" />
</Solution>
